
Microsoft Visual Studio Solution File, Format Version 12.00
# Visual Studio Version 17
VisualStudioVersion = 17.5.33424.131
MinimumVisualStudioVersion = 10.0.40219.1
Project("{9A19103F-16F7-4668-BE54-9A1E7A4F7556}") = "KodePosIndonesia", "KodePosIndonesia\KodePosIndonesia.csproj", "{E51F23B3-2DEF-4D11-A7D9-C4C2E44A1810}"
EndProject
Project("{9A19103F-16F7-4668-BE54-9A1E7A4F7556}") = "KodePosIndonesiaTest", "KodePosIndonesiaTest\KodePosIndonesiaTest.csproj", "{FCFBDB48-024F-44BA-A565-B67F6457E213}"
EndProject
Global
	GlobalSection(SolutionConfigurationPlatforms) = preSolution
		Debug|Any CPU = Debug|Any CPU
		Release|Any CPU = Release|Any CPU
	EndGlobalSection
	GlobalSection(ProjectConfigurationPlatforms) = postSolution
		{E51F23B3-2DEF-4D11-A7D9-C4C2E44A1810}.Debug|Any CPU.ActiveCfg = Debug|Any CPU
		{E51F23B3-2DEF-4D11-A7D9-C4C2E44A1810}.Debug|Any CPU.Build.0 = Debug|Any CPU
		{E51F23B3-2DEF-4D11-A7D9-C4C2E44A1810}.Release|Any CPU.ActiveCfg = Release|Any CPU
		{E51F23B3-2DEF-4D11-A7D9-C4C2E44A1810}.Release|Any CPU.Build.0 = Release|Any CPU
		{FCFBDB48-024F-44BA-A565-B67F6457E213}.Debug|Any CPU.ActiveCfg = Debug|Any CPU
		{FCFBDB48-024F-44BA-A565-B67F6457E213}.Debug|Any CPU.Build.0 = Debug|Any CPU
		{FCFBDB48-024F-44BA-A565-B67F6457E213}.Release|Any CPU.ActiveCfg = Release|Any CPU
		{FCFBDB48-024F-44BA-A565-B67F6457E213}.Release|Any CPU.Build.0 = Release|Any CPU
	EndGlobalSection
	GlobalSection(SolutionProperties) = preSolution
		HideSolutionNode = FALSE
	EndGlobalSection
	GlobalSection(ExtensibilityGlobals) = postSolution
		SolutionGuid = {99BF8B66-587F-4C97-9CC0-4A820E3CAEA5}
	EndGlobalSection
EndGlobal
